
Microsoft Visual Studio Solution File, Format Version 12.00
# Visual Studio Version 16
VisualStudioVersion = 16.0.31410.357
MinimumVisualStudioVersion = 10.0.40219.1
Project("{FAE04EC0-301F-11D3-BF4B-00C04F79EFBC}") = "eOPS", "eOPS.csproj", "{D7D6E796-5347-49F6-A37A-545D13F2D643}"
EndProject
Global
	GlobalSection(SolutionConfigurationPlatforms) = preSolution
		Debug|Any CPU = Debug|Any CPU
		Release|Any CPU = Release|Any CPU
	EndGlobalSection
	GlobalSection(ProjectConfigurationPlatforms) = postSolution
		{D7D6E796-5347-49F6-A37A-545D13F2D643}.Debug|Any CPU.ActiveCfg = Debug|Any CPU
		{D7D6E796-5347-49F6-A37A-545D13F2D643}.Debug|Any CPU.Build.0 = Debug|Any CPU
		{D7D6E796-5347-49F6-A37A-545D13F2D643}.Release|Any CPU.ActiveCfg = Release|Any CPU
		{D7D6E796-5347-49F6-A37A-545D13F2D643}.Release|Any CPU.Build.0 = Release|Any CPU
	EndGlobalSection
	GlobalSection(SolutionProperties) = preSolution
		HideSolutionNode = FALSE
	EndGlobalSection
	GlobalSection(ExtensibilityGlobals) = postSolution
		SolutionGuid = {A539F406-4F80-45FA-8778-E32C0C516A63}
	EndGlobalSection
EndGlobal
